{
    "compile": {
        "com.netflix.nebula:nebula-gradle-interop": {
            "locked": "0.5.0",
            "requested": "latest.release"
        },
        "org.apache.maven:maven-model-builder": {
            "locked": "3.5.2",
            "requested": "3.+"
        }
    },
    "compileClasspath": {
        "com.netflix.nebula:nebula-gradle-interop": {
            "locked": "0.5.0",
            "requested": "latest.release"
        },
        "org.apache.maven:maven-model-builder": {
            "locked": "3.5.2",
            "requested": "3.+"
        }
    },
    "default": {
        "com.netflix.nebula:nebula-gradle-interop": {
            "locked": "0.5.0",
            "requested": "latest.release"
        },
        "org.apache.maven:maven-model-builder": {
            "locked": "3.5.2",
            "requested": "3.+"
        }
    },
    "integTestCompile": {
        "com.github.xmlunit:xmlunit": {
            "locked": "7ed02fb294",
            "requested": "7ed02fb294"
        },
        "com.netflix.nebula:nebula-gradle-interop": {
            "locked": "0.5.0",
            "requested": "latest.release"
        },
        "com.netflix.nebula:nebula-test": {
            "locked": "6.7.1",
            "requested": "latest.release"
        },
        "org.apache.maven:maven-model-builder": {
            "locked": "3.5.2",
            "requested": "3.+"
        }
    },
    "integTestCompileClasspath": {
        "com.github.xmlunit:xmlunit": {
            "locked": "7ed02fb294",
            "requested": "7ed02fb294"
        },
        "com.netflix.nebula:nebula-gradle-interop": {
            "locked": "0.5.0",
            "requested": "latest.release"
        },
        "com.netflix.nebula:nebula-test": {
            "locked": "6.7.1",
            "requested": "latest.release"
        },
        "org.apache.maven:maven-model-builder": {
            "locked": "3.5.2",
            "requested": "3.+"
        }
    },
    "integTestRuntime": {
        "com.github.xmlunit:xmlunit": {
            "locked": "7ed02fb294",
            "requested": "7ed02fb294"
        },
        "com.netflix.nebula:nebula-gradle-interop": {
            "locked": "0.5.0",
            "requested": "latest.release"
        },
        "com.netflix.nebula:nebula-test": {
            "locked": "6.7.1",
            "requested": "latest.release"
        },
        "org.apache.maven:maven-model-builder": {
            "locked": "3.5.2",
            "requested": "3.+"
        }
    },
    "integTestRuntimeClasspath": {
        "com.github.xmlunit:xmlunit": {
            "locked": "7ed02fb294",
            "requested": "7ed02fb294"
        },
        "com.netflix.nebula:nebula-gradle-interop": {
            "locked": "0.5.0",
            "requested": "latest.release"
        },
        "com.netflix.nebula:nebula-test": {
            "locked": "6.7.1",
            "requested": "latest.release"
        },
        "org.apache.maven:maven-model-builder": {
            "locked": "3.5.2",
            "requested": "3.+"
        }
    },
    "jacocoAgent": {
        "org.jacoco:org.jacoco.agent": {
            "locked": "0.8.1"
        }
    },
    "jacocoAnt": {
        "org.jacoco:org.jacoco.ant": {
            "locked": "0.8.1"
        }
    },
    "runtime": {
        "com.netflix.nebula:nebula-gradle-interop": {
            "locked": "0.5.0",
            "requested": "latest.release"
        },
        "org.apache.maven:maven-model-builder": {
            "locked": "3.5.2",
            "requested": "3.+"
        }
    },
    "runtimeClasspath": {
        "com.netflix.nebula:nebula-gradle-interop": {
            "locked": "0.5.0",
            "requested": "latest.release"
        },
        "org.apache.maven:maven-model-builder": {
            "locked": "3.5.2",
            "requested": "3.+"
        }
    },
    "testCompile": {
        "com.github.xmlunit:xmlunit": {
            "locked": "7ed02fb294",
            "requested": "7ed02fb294"
        },
        "com.netflix.nebula:nebula-gradle-interop": {
            "locked": "0.5.0",
            "requested": "latest.release"
        },
        "com.netflix.nebula:nebula-test": {
            "locked": "6.7.1",
            "requested": "latest.release"
        },
        "org.apache.maven:maven-model-builder": {
            "locked": "3.5.2",
            "requested": "3.+"
        }
    },
    "testCompileClasspath": {
        "com.github.xmlunit:xmlunit": {
            "locked": "7ed02fb294",
            "requested": "7ed02fb294"
        },
        "com.netflix.nebula:nebula-gradle-interop": {
            "locked": "0.5.0",
            "requested": "latest.release"
        },
        "com.netflix.nebula:nebula-test": {
            "locked": "6.7.1",
            "requested": "latest.release"
        },
        "org.apache.maven:maven-model-builder": {
            "locked": "3.5.2",
            "requested": "3.+"
        }
    },
    "testRuntime": {
        "com.github.xmlunit:xmlunit": {
            "locked": "7ed02fb294",
            "requested": "7ed02fb294"
        },
        "com.netflix.nebula:nebula-gradle-interop": {
            "locked": "0.5.0",
            "requested": "latest.release"
        },
        "com.netflix.nebula:nebula-test": {
            "locked": "6.7.1",
            "requested": "latest.release"
        },
        "org.apache.maven:maven-model-builder": {
            "locked": "3.5.2",
            "requested": "3.+"
        }
    },
    "testRuntimeClasspath": {
        "com.github.xmlunit:xmlunit": {
            "locked": "7ed02fb294",
            "requested": "7ed02fb294"
        },
        "com.netflix.nebula:nebula-gradle-interop": {
            "locked": "0.5.0",
            "requested": "latest.release"
        },
        "com.netflix.nebula:nebula-test": {
            "locked": "6.7.1",
            "requested": "latest.release"
        },
        "org.apache.maven:maven-model-builder": {
            "locked": "3.5.2",
            "requested": "3.+"
        }
    }
}