{
    "compile": {
        "com.netflix.nebula:nebula-gradle-interop": {
            "locked": "1.0.1",
            "requested": "latest.release"
        },
        "org.apache.maven:maven-model-builder": {
            "locked": "3.5.4",
            "requested": "3.+"
        }
    },
    "compileClasspath": {
        "com.netflix.nebula:nebula-gradle-interop": {
            "locked": "1.0.1",
            "requested": "latest.release"
        },
        "org.apache.maven:maven-model-builder": {
            "locked": "3.5.4",
            "requested": "3.+"
        }
    },
    "default": {
        "com.netflix.nebula:nebula-gradle-interop": {
            "locked": "1.0.1",
            "requested": "latest.release"
        },
        "org.apache.maven:maven-model-builder": {
            "locked": "3.5.4",
            "requested": "3.+"
        }
    },
    "integTestCompile": {
        "com.netflix.nebula:nebula-gradle-interop": {
            "locked": "1.0.1",
            "requested": "latest.release"
        },
        "com.netflix.nebula:nebula-test": {
            "locked": "7.1.0",
            "requested": "latest.release"
        },
        "org.apache.maven:maven-model-builder": {
            "locked": "3.5.4",
            "requested": "3.+"
        },
        "org.xmlunit:xmlunit-core": {
            "locked": "2.6.0",
            "requested": "2.6.0"
        }
    },
    "integTestCompileClasspath": {
        "com.netflix.nebula:nebula-gradle-interop": {
            "locked": "1.0.1",
            "requested": "latest.release"
        },
        "com.netflix.nebula:nebula-test": {
            "locked": "7.1.0",
            "requested": "latest.release"
        },
        "org.apache.maven:maven-model-builder": {
            "locked": "3.5.4",
            "requested": "3.+"
        },
        "org.xmlunit:xmlunit-core": {
            "locked": "2.6.0",
            "requested": "2.6.0"
        }
    },
    "integTestRuntime": {
        "com.netflix.nebula:nebula-gradle-interop": {
            "locked": "1.0.1",
            "requested": "latest.release"
        },
        "com.netflix.nebula:nebula-test": {
            "locked": "7.1.0",
            "requested": "latest.release"
        },
        "org.apache.maven:maven-model-builder": {
            "locked": "3.5.4",
            "requested": "3.+"
        },
        "org.xmlunit:xmlunit-core": {
            "locked": "2.6.0",
            "requested": "2.6.0"
        }
    },
    "integTestRuntimeClasspath": {
        "com.netflix.nebula:nebula-gradle-interop": {
            "locked": "1.0.1",
            "requested": "latest.release"
        },
        "com.netflix.nebula:nebula-test": {
            "locked": "7.1.0",
            "requested": "latest.release"
        },
        "org.apache.maven:maven-model-builder": {
            "locked": "3.5.4",
            "requested": "3.+"
        },
        "org.xmlunit:xmlunit-core": {
            "locked": "2.6.0",
            "requested": "2.6.0"
        }
    },
    "jacocoAgent": {
        "org.jacoco:org.jacoco.agent": {
            "locked": "0.8.2"
        }
    },
    "jacocoAnt": {
        "org.jacoco:org.jacoco.ant": {
            "locked": "0.8.2"
        }
    },
    "runtime": {
        "com.netflix.nebula:nebula-gradle-interop": {
            "locked": "1.0.1",
            "requested": "latest.release"
        },
        "org.apache.maven:maven-model-builder": {
            "locked": "3.5.4",
            "requested": "3.+"
        }
    },
    "runtimeClasspath": {
        "com.netflix.nebula:nebula-gradle-interop": {
            "locked": "1.0.1",
            "requested": "latest.release"
        },
        "org.apache.maven:maven-model-builder": {
            "locked": "3.5.4",
            "requested": "3.+"
        }
    },
    "testCompile": {
        "com.netflix.nebula:nebula-gradle-interop": {
            "locked": "1.0.1",
            "requested": "latest.release"
        },
        "com.netflix.nebula:nebula-test": {
            "locked": "7.1.0",
            "requested": "latest.release"
        },
        "org.apache.maven:maven-model-builder": {
            "locked": "3.5.4",
            "requested": "3.+"
        },
        "org.xmlunit:xmlunit-core": {
            "locked": "2.6.0",
            "requested": "2.6.0"
        }
    },
    "testCompileClasspath": {
        "com.netflix.nebula:nebula-gradle-interop": {
            "locked": "1.0.1",
            "requested": "latest.release"
        },
        "com.netflix.nebula:nebula-test": {
            "locked": "7.1.0",
            "requested": "latest.release"
        },
        "org.apache.maven:maven-model-builder": {
            "locked": "3.5.4",
            "requested": "3.+"
        },
        "org.xmlunit:xmlunit-core": {
            "locked": "2.6.0",
            "requested": "2.6.0"
        }
    },
    "testRuntime": {
        "com.netflix.nebula:nebula-gradle-interop": {
            "locked": "1.0.1",
            "requested": "latest.release"
        },
        "com.netflix.nebula:nebula-test": {
            "locked": "7.1.0",
            "requested": "latest.release"
        },
        "org.apache.maven:maven-model-builder": {
            "locked": "3.5.4",
            "requested": "3.+"
        },
        "org.xmlunit:xmlunit-core": {
            "locked": "2.6.0",
            "requested": "2.6.0"
        }
    },
    "testRuntimeClasspath": {
        "com.netflix.nebula:nebula-gradle-interop": {
            "locked": "1.0.1",
            "requested": "latest.release"
        },
        "com.netflix.nebula:nebula-test": {
            "locked": "7.1.0",
            "requested": "latest.release"
        },
        "org.apache.maven:maven-model-builder": {
            "locked": "3.5.4",
            "requested": "3.+"
        },
        "org.xmlunit:xmlunit-core": {
            "locked": "2.6.0",
            "requested": "2.6.0"
        }
    }
}