{
    "compile": {
        "org.apache.maven:maven-model-builder": {
            "locked": "3.0.4",
            "requested": "3.0.4"
        }
    },
    "compileClasspath": {
        "org.apache.maven:maven-model-builder": {
            "locked": "3.0.4",
            "requested": "3.0.4"
        }
    },
    "compileOnly": {
        "org.apache.maven:maven-model-builder": {
            "locked": "3.0.4",
            "requested": "3.0.4"
        }
    },
    "default": {
        "org.apache.maven:maven-model-builder": {
            "locked": "3.0.4",
            "requested": "3.0.4"
        }
    },
    "jacocoAgent": {
        "org.jacoco:org.jacoco.agent": {
            "locked": "0.7.6.201602180812"
        }
    },
    "jacocoAnt": {
        "org.jacoco:org.jacoco.ant": {
            "locked": "0.7.6.201602180812"
        }
    },
    "runtime": {
        "org.apache.maven:maven-model-builder": {
            "locked": "3.0.4",
            "requested": "3.0.4"
        }
    },
    "testCompile": {
        "com.github.xmlunit:xmlunit": {
            "locked": "7ed02fb294",
            "requested": "7ed02fb294"
        },
        "com.netflix.nebula:nebula-test": {
            "locked": "4.2.0",
            "requested": "4.0.0"
        },
        "org.apache.maven:maven-model-builder": {
            "locked": "3.0.4",
            "requested": "3.0.4"
        }
    },
    "testCompileClasspath": {
        "com.github.xmlunit:xmlunit": {
            "locked": "7ed02fb294",
            "requested": "7ed02fb294"
        },
        "com.netflix.nebula:nebula-test": {
            "locked": "4.2.0",
            "requested": "4.0.0"
        },
        "org.apache.maven:maven-model-builder": {
            "locked": "3.0.4",
            "requested": "3.0.4"
        }
    },
    "testCompileOnly": {
        "com.github.xmlunit:xmlunit": {
            "locked": "7ed02fb294",
            "requested": "7ed02fb294"
        },
        "com.netflix.nebula:nebula-test": {
            "locked": "4.2.0",
            "requested": "4.0.0"
        },
        "org.apache.maven:maven-model-builder": {
            "locked": "3.0.4",
            "requested": "3.0.4"
        }
    },
    "testRuntime": {
        "com.github.xmlunit:xmlunit": {
            "locked": "7ed02fb294",
            "requested": "7ed02fb294"
        },
        "com.netflix.nebula:nebula-test": {
            "locked": "4.2.0",
            "requested": "4.0.0"
        },
        "org.apache.maven:maven-model-builder": {
            "locked": "3.0.4",
            "requested": "3.0.4"
        }
    }
}