# This is a Gradle generated file for dependency locking.
# Manual edits can break the build and are not advised.
# This file is expected to be part of source control.
cglib:cglib-nodep:3.2.2=integTestRuntimeClasspath,testRuntimeClasspath
com.google.guava:guava:20.0=compileClasspath,integTestCompileClasspath,integTestRuntimeClasspath,runtimeClasspath,testCompileClasspath,testRuntimeClasspath
com.netflix.nebula:nebula-gradle-interop:1.0.11=compileClasspath,integTestCompileClasspath,integTestRuntimeClasspath,runtimeClasspath,testCompileClasspath,testRuntimeClasspath
com.netflix.nebula:nebula-test:10.0.1=integTestCompileClasspath,integTestRuntimeClasspath,testCompileClasspath,testRuntimeClasspath
javax.inject:javax.inject:1=compileClasspath,integTestCompileClasspath,integTestRuntimeClasspath,runtimeClasspath,testCompileClasspath,testRuntimeClasspath
junit:junit:4.13=integTestCompileClasspath,integTestRuntimeClasspath,testCompileClasspath,testRuntimeClasspath
org.apache.commons:commons-lang3:3.8.1=compileClasspath,integTestCompileClasspath,integTestRuntimeClasspath,runtimeClasspath,testCompileClasspath,testRuntimeClasspath
org.apache.maven:maven-artifact:3.8.2=compileClasspath,integTestCompileClasspath,integTestRuntimeClasspath,runtimeClasspath,testCompileClasspath,testRuntimeClasspath
org.apache.maven:maven-builder-support:3.8.2=compileClasspath,integTestCompileClasspath,integTestRuntimeClasspath,runtimeClasspath,testCompileClasspath,testRuntimeClasspath
org.apache.maven:maven-model-builder:3.8.2=compileClasspath,integTestCompileClasspath,integTestRuntimeClasspath,runtimeClasspath,testCompileClasspath,testRuntimeClasspath
org.apache.maven:maven-model:3.8.2=compileClasspath,integTestCompileClasspath,integTestRuntimeClasspath,runtimeClasspath,testCompileClasspath,testRuntimeClasspath
org.apiguardian:apiguardian-api:1.1.0=integTestCompileClasspath,integTestRuntimeClasspath,testCompileClasspath,testRuntimeClasspath
org.codehaus.groovy:groovy:3.0.6=integTestCompileClasspath,integTestRuntimeClasspath,testCompileClasspath,testRuntimeClasspath
org.codehaus.plexus:plexus-interpolation:1.25=compileClasspath,integTestCompileClasspath,integTestRuntimeClasspath,runtimeClasspath,testCompileClasspath,testRuntimeClasspath
org.codehaus.plexus:plexus-utils:3.2.1=compileClasspath,integTestCompileClasspath,integTestRuntimeClasspath,runtimeClasspath,testCompileClasspath,testRuntimeClasspath
org.eclipse.sisu:org.eclipse.sisu.inject:0.3.4=compileClasspath,integTestCompileClasspath,integTestRuntimeClasspath,runtimeClasspath,testCompileClasspath,testRuntimeClasspath
org.hamcrest:hamcrest-core:1.3=integTestCompileClasspath,integTestRuntimeClasspath,testCompileClasspath,testRuntimeClasspath
org.hamcrest:hamcrest:2.2=integTestCompileClasspath,integTestRuntimeClasspath,testCompileClasspath,testRuntimeClasspath
org.jetbrains.kotlin:kotlin-stdlib-common:1.3.50=compileClasspath,integTestCompileClasspath,integTestRuntimeClasspath,runtimeClasspath,testCompileClasspath,testRuntimeClasspath
org.jetbrains.kotlin:kotlin-stdlib-jdk7:1.3.50=compileClasspath,integTestCompileClasspath,integTestRuntimeClasspath,runtimeClasspath,testCompileClasspath,testRuntimeClasspath
org.jetbrains.kotlin:kotlin-stdlib-jdk8:1.3.50=compileClasspath,integTestCompileClasspath,integTestRuntimeClasspath,runtimeClasspath,testCompileClasspath,testRuntimeClasspath
org.jetbrains.kotlin:kotlin-stdlib:1.3.50=compileClasspath,integTestCompileClasspath,integTestRuntimeClasspath,runtimeClasspath,testCompileClasspath,testRuntimeClasspath
org.jetbrains:annotations:13.0=compileClasspath,integTestCompileClasspath,integTestRuntimeClasspath,runtimeClasspath,testCompileClasspath,testRuntimeClasspath
org.junit.platform:junit-platform-commons:1.7.0=integTestCompileClasspath,integTestRuntimeClasspath,testCompileClasspath,testRuntimeClasspath
org.junit.platform:junit-platform-engine:1.7.0=integTestCompileClasspath,integTestRuntimeClasspath,testCompileClasspath,testRuntimeClasspath
org.objenesis:objenesis:2.4=integTestRuntimeClasspath,testRuntimeClasspath
org.opentest4j:opentest4j:1.2.0=integTestCompileClasspath,integTestRuntimeClasspath,testCompileClasspath,testRuntimeClasspath
org.spockframework:spock-core:2.0-M4-groovy-3.0=integTestCompileClasspath,integTestRuntimeClasspath,testCompileClasspath,testRuntimeClasspath
org.spockframework:spock-junit4:2.0-M4-groovy-3.0=integTestCompileClasspath,integTestRuntimeClasspath,testCompileClasspath,testRuntimeClasspath
org.xmlunit:xmlunit-core:2.6.0=integTestCompileClasspath,integTestRuntimeClasspath,testCompileClasspath,testRuntimeClasspath
empty=annotationProcessor,integTestAnnotationProcessor,testAnnotationProcessor
