# This is a Gradle generated file for dependency locking.
# Manual edits can break the build and are not advised.
# This file is expected to be part of source control.
# To regenerate this file, run: ./gradlew :dependencies --write-locks
cglib:cglib-nodep:3.2.2=testRuntimeClasspath
com.google.guava:guava:20.0=compileClasspath,mainArchRulesRuntime,runtimeClasspath,testArchRulesRuntime,testCompileClasspath,testRuntimeClasspath
com.netflix.nebula:archrules-common:2.1.0=mainArchRulesRuntime,testArchRulesRuntime
com.netflix.nebula:archrules-deprecation:2.1.0=mainArchRulesRuntime,testArchRulesRuntime
com.netflix.nebula:archrules-gradle-plugin-development:1.0.4=mainArchRulesRuntime,testArchRulesRuntime
com.netflix.nebula:archrules-guava:2.1.0=mainArchRulesRuntime,testArchRulesRuntime
com.netflix.nebula:archrules-joda:2.1.0=mainArchRulesRuntime,testArchRulesRuntime
com.netflix.nebula:archrules-nullability:2.1.0=mainArchRulesRuntime,testArchRulesRuntime
com.netflix.nebula:archrules-security:2.1.0=mainArchRulesRuntime,testArchRulesRuntime
com.netflix.nebula:archrules-testing-frameworks:2.1.0=mainArchRulesRuntime,testArchRulesRuntime
com.netflix.nebula:nebula-archrules-core:1.4.2=mainArchRulesRuntime,testArchRulesRuntime
com.netflix.nebula:nebula-gradle-interop:3.1.0=compileClasspath,mainArchRulesRuntime,runtimeClasspath,testArchRulesRuntime,testCompileClasspath,testRuntimeClasspath
com.netflix.nebula:nebula-test:12.13.1=testArchRulesRuntime,testCompileClasspath,testRuntimeClasspath
com.tngtech.archunit:archunit:1.5.0=mainArchRulesRuntime,testArchRulesRuntime
io.leangen.geantyref:geantyref:1.3.16=testRuntimeClasspath
javax.inject:javax.inject:1=compileClasspath,mainArchRulesRuntime,runtimeClasspath,testArchRulesRuntime,testCompileClasspath,testRuntimeClasspath
junit:junit:4.13.2=testArchRulesRuntime,testCompileClasspath,testRuntimeClasspath
net.bytebuddy:byte-buddy:1.18.3=testArchRulesRuntime,testCompileClasspath,testRuntimeClasspath
org.apache.commons:commons-lang3:3.8.1=compileClasspath,mainArchRulesRuntime,runtimeClasspath,testArchRulesRuntime,testCompileClasspath,testRuntimeClasspath
org.apache.groovy:groovy-bom:4.0.29=testArchRulesRuntime,testCompileClasspath,testRuntimeClasspath
org.apache.groovy:groovy:4.0.29=testArchRulesRuntime,testCompileClasspath,testRuntimeClasspath
org.apache.maven:maven-artifact:3.8.3=compileClasspath,mainArchRulesRuntime,runtimeClasspath,testArchRulesRuntime,testCompileClasspath,testRuntimeClasspath
org.apache.maven:maven-builder-support:3.8.3=compileClasspath,mainArchRulesRuntime,runtimeClasspath,testArchRulesRuntime,testCompileClasspath,testRuntimeClasspath
org.apache.maven:maven-model-builder:3.8.3=compileClasspath,mainArchRulesRuntime,runtimeClasspath,testArchRulesRuntime,testCompileClasspath,testRuntimeClasspath
org.apache.maven:maven-model:3.8.3=compileClasspath,mainArchRulesRuntime,runtimeClasspath,testArchRulesRuntime,testCompileClasspath,testRuntimeClasspath
org.apiguardian:apiguardian-api:1.1.2=testArchRulesRuntime,testCompileClasspath
org.assertj:assertj-core:3.27.7=testArchRulesRuntime,testCompileClasspath,testRuntimeClasspath
org.bouncycastle:bcpg-jdk18on:1.84=kotlinBouncyCastleConfiguration
org.bouncycastle:bcpkix-jdk18on:1.84=kotlinBouncyCastleConfiguration
org.bouncycastle:bcprov-jdk18on:1.84=kotlinBouncyCastleConfiguration
org.bouncycastle:bcutil-jdk18on:1.84=kotlinBouncyCastleConfiguration
org.codehaus.plexus:plexus-interpolation:1.26=compileClasspath,mainArchRulesRuntime,runtimeClasspath,testArchRulesRuntime,testCompileClasspath,testRuntimeClasspath
org.codehaus.plexus:plexus-utils:3.3.0=compileClasspath,mainArchRulesRuntime,runtimeClasspath,testArchRulesRuntime,testCompileClasspath,testRuntimeClasspath
org.eclipse.sisu:org.eclipse.sisu.inject:0.3.5=compileClasspath,mainArchRulesRuntime,runtimeClasspath,testArchRulesRuntime,testCompileClasspath,testRuntimeClasspath
org.hamcrest:hamcrest-core:1.3=testArchRulesRuntime,testCompileClasspath,testRuntimeClasspath
org.hamcrest:hamcrest:3.0=testArchRulesRuntime,testCompileClasspath,testRuntimeClasspath
org.jetbrains.kotlin:kotlin-build-tools-api:2.4.0=kotlinAbiValidationCompatClasspath
org.jetbrains.kotlin:kotlin-build-tools-api:2.4.20=kotlinBuildToolsApiClasspath,kotlinCompilerClasspath,kotlinKlibCommonizerClasspath
org.jetbrains.kotlin:kotlin-build-tools-compat:2.4.20=kotlinAbiValidationCompatClasspath,kotlinBuildToolsApiClasspath,kotlinCompilerClasspath
org.jetbrains.kotlin:kotlin-build-tools-cri-impl:2.4.0=kotlinAbiValidationCompatClasspath
org.jetbrains.kotlin:kotlin-build-tools-cri-impl:2.4.20=kotlinBuildToolsApiClasspath,kotlinCompilerClasspath
org.jetbrains.kotlin:kotlin-build-tools-impl:2.4.0=kotlinAbiValidationCompatClasspath
org.jetbrains.kotlin:kotlin-build-tools-impl:2.4.20=kotlinBuildToolsApiClasspath,kotlinCompilerClasspath
org.jetbrains.kotlin:kotlin-compiler-embeddable:2.4.0=kotlinAbiValidationCompatClasspath
org.jetbrains.kotlin:kotlin-compiler-embeddable:2.4.20=kotlinBuildToolsApiClasspath,kotlinCompilerClasspath,kotlinKlibCommonizerClasspath
org.jetbrains.kotlin:kotlin-compiler-runner:2.4.0=kotlinAbiValidationCompatClasspath
org.jetbrains.kotlin:kotlin-compiler-runner:2.4.20=kotlinBuildToolsApiClasspath,kotlinCompilerClasspath
org.jetbrains.kotlin:kotlin-daemon-client:2.4.0=kotlinAbiValidationCompatClasspath
org.jetbrains.kotlin:kotlin-daemon-client:2.4.20=kotlinBuildToolsApiClasspath,kotlinCompilerClasspath
org.jetbrains.kotlin:kotlin-daemon-embeddable:2.4.0=kotlinAbiValidationCompatClasspath
org.jetbrains.kotlin:kotlin-daemon-embeddable:2.4.20=kotlinBuildToolsApiClasspath,kotlinCompilerClasspath,kotlinKlibCommonizerClasspath
org.jetbrains.kotlin:kotlin-klib-commonizer-embeddable:2.4.20=kotlinKlibCommonizerClasspath
org.jetbrains.kotlin:kotlin-metadata-jvm:2.3.20=mainArchRulesRuntime,testArchRulesRuntime
org.jetbrains.kotlin:kotlin-reflect:1.6.10=kotlinAbiValidationCompatClasspath,kotlinBuildToolsApiClasspath,kotlinCompilerClasspath,kotlinKlibCommonizerClasspath
org.jetbrains.kotlin:kotlin-script-runtime:2.4.0=kotlinAbiValidationCompatClasspath
org.jetbrains.kotlin:kotlin-script-runtime:2.4.20=kotlinBuildToolsApiClasspath,kotlinCompilerClasspath,kotlinCompilerPluginClasspathMain,kotlinCompilerPluginClasspathTest,kotlinKlibCommonizerClasspath
org.jetbrains.kotlin:kotlin-scripting-common:2.4.20=kotlinCompilerPluginClasspathMain,kotlinCompilerPluginClasspathTest
org.jetbrains.kotlin:kotlin-scripting-compiler-embeddable:2.4.20=kotlinCompilerPluginClasspathMain,kotlinCompilerPluginClasspathTest
org.jetbrains.kotlin:kotlin-scripting-compiler-impl-embeddable:2.4.20=kotlinCompilerPluginClasspathMain,kotlinCompilerPluginClasspathTest
org.jetbrains.kotlin:kotlin-scripting-jvm:2.4.20=kotlinCompilerPluginClasspathMain,kotlinCompilerPluginClasspathTest
org.jetbrains.kotlin:kotlin-stdlib:2.4.0=kotlinAbiValidationCompatClasspath
org.jetbrains.kotlin:kotlin-stdlib:2.4.20=compileClasspath,kotlinBuildToolsApiClasspath,kotlinCompilerClasspath,kotlinCompilerPluginClasspathMain,kotlinCompilerPluginClasspathTest,kotlinKlibCommonizerClasspath,mainArchRulesRuntime,runtimeClasspath,testArchRulesRuntime,testCompileClasspath,testRuntimeClasspath
org.jetbrains.kotlin:kotlin-tooling-core:2.4.20=kotlinAbiValidationCompatClasspath,kotlinBuildToolsApiClasspath,kotlinCompilerClasspath
org.jetbrains.kotlinx:kotlinx-coroutines-core-jvm:1.8.0=kotlinAbiValidationCompatClasspath,kotlinBuildToolsApiClasspath,kotlinCompilerClasspath,kotlinKlibCommonizerClasspath
org.jetbrains:annotations:13.0=compileClasspath,kotlinAbiValidationCompatClasspath,kotlinBuildToolsApiClasspath,kotlinCompilerClasspath,kotlinCompilerPluginClasspathMain,kotlinCompilerPluginClasspathTest,kotlinKlibCommonizerClasspath,mainArchRulesRuntime,runtimeClasspath,testArchRulesRuntime,testCompileClasspath,testRuntimeClasspath
org.jspecify:jspecify:1.0.0=mainArchRulesRuntime,testArchRulesRuntime,testCompileClasspath,testRuntimeClasspath
org.junit.jupiter:junit-jupiter-api:5.14.1=testArchRulesRuntime,testCompileClasspath,testRuntimeClasspath
org.junit.jupiter:junit-jupiter-engine:5.14.1=testRuntimeClasspath
org.junit.jupiter:junit-jupiter-params:5.14.1=testArchRulesRuntime,testCompileClasspath,testRuntimeClasspath
org.junit.jupiter:junit-jupiter:5.14.1=testArchRulesRuntime,testCompileClasspath,testRuntimeClasspath
org.junit.platform:junit-platform-commons:1.14.1=testArchRulesRuntime,testCompileClasspath,testRuntimeClasspath
org.junit.platform:junit-platform-engine:1.14.1=testArchRulesRuntime,testCompileClasspath,testRuntimeClasspath
org.junit.platform:junit-platform-launcher:1.14.1=testRuntimeClasspath
org.junit:junit-bom:5.14.1=testArchRulesRuntime,testCompileClasspath,testRuntimeClasspath
org.objenesis:objenesis:2.4=testRuntimeClasspath
org.opentest4j:opentest4j:1.3.0=testArchRulesRuntime,testCompileClasspath,testRuntimeClasspath
org.slf4j:slf4j-api:2.0.18=mainArchRulesRuntime,testArchRulesRuntime
org.spockframework:spock-bom:2.4-groovy-4.0=testArchRulesRuntime,testCompileClasspath,testRuntimeClasspath
org.spockframework:spock-core:2.4-groovy-4.0=testArchRulesRuntime,testCompileClasspath,testRuntimeClasspath
org.spockframework:spock-junit4:2.4-groovy-4.0=testArchRulesRuntime,testCompileClasspath,testRuntimeClasspath
org.xmlunit:xmlunit-core:2.6.0=testArchRulesRuntime,testCompileClasspath,testRuntimeClasspath
empty=annotationProcessor,implementationDependenciesMetadata,kotlinCompilerPluginClasspath,kotlinNativeCompilerPluginClasspath,kotlinScriptDefExtensions,testAnnotationProcessor,testImplementationDependenciesMetadata,testKotlinScriptDefExtensions
